
Microsoft Visual Studio Solution File, Format Version 12.00
# Visual Studio 15
VisualStudioVersion = 15.0.28307.421
MinimumVisualStudioVersion = 10.0.40219.1
Project("{FAE04EC0-301F-11D3-BF4B-00C04F79EFBC}") = "Scrapper", "Scrapper\Scrapper.csproj", "{49748BD1-A066-48D9-B6BB-B37DC15DBE8C}"
EndProject
Global
	GlobalSection(SolutionConfigurationPlatforms) = preSolution
		Debug|Any CPU = Debug|Any CPU
		Release|Any CPU = Release|Any CPU
	EndGlobalSection
	GlobalSection(ProjectConfigurationPlatforms) = postSolution
		{49748BD1-A066-48D9-B6BB-B37DC15DBE8C}.Debug|Any CPU.ActiveCfg = Debug|Any CPU
		{49748BD1-A066-48D9-B6BB-B37DC15DBE8C}.Debug|Any CPU.Build.0 = Debug|Any CPU
		{49748BD1-A066-48D9-B6BB-B37DC15DBE8C}.Release|Any CPU.ActiveCfg = Release|Any CPU
		{49748BD1-A066-48D9-B6BB-B37DC15DBE8C}.Release|Any CPU.Build.0 = Release|Any CPU
	EndGlobalSection
	GlobalSection(SolutionProperties) = preSolution
		HideSolutionNode = FALSE
	EndGlobalSection
	GlobalSection(ExtensibilityGlobals) = postSolution
		SolutionGuid = {00CC02BF-9EB3-4463-AF0B-461D590E69F1}
	EndGlobalSection
EndGlobal
